{
  "version": 1,
  "sidecar": "git@github.com:H0wZy/skeeper-specs.git",
  "source_branch": "main",
  "namespaces": [
    {
      "name": "howzysolutions",
      "sidecar_branch": "howzysolutions/__branches__/main",
      "commit": "aa9c21ca341daab0d2804a8e05f12ae54377a741",
      "digest": "sha256:3af9b75ddfd6baeae23f2ded768e9f62fd4bf797cdff09db84992cc3981faa91",
      "files": 21,
      "bytes": 256548
    }
  ]
}
