{
  "version": 1,
  "sidecar": "git@github.com:H0wZy/skeeper-specs.git",
  "source_branch": "main",
  "namespaces": [
    {
      "name": "howzysolutions",
      "sidecar_branch": "howzysolutions/__branches__/main",
      "commit": "8b46da485b879ec14eba46ce56246b49def12a4b",
      "digest": "sha256:adbe02a3508e09369e1a310c0c79fc668b284ec5c0e51ddfd7e0f1ed6dd70e4e",
      "files": 11,
      "bytes": 143784
    }
  ]
}
