{
  "version": 1,
  "sidecar": "git@github.com:H0wZy/skeeper-specs.git",
  "source_branch": "main",
  "namespaces": [
    {
      "name": "howzysolutions",
      "sidecar_branch": "howzysolutions/__branches__/main",
      "commit": "7a1333974f340464c3595b5c55b5ac4108d06c4d",
      "digest": "sha256:18f5580dd2e38d67a31e696028477318015dcce66d624f4010856148ff4658f5",
      "files": 11,
      "bytes": 143558
    }
  ]
}
